
Microsoft Visual Studio Solution File, Format Version 12.00
# Visual Studio Version 16
VisualStudioVersion = 16.0.29306.81
MinimumVisualStudioVersion = 10.0.40219.1
Project("{8BC9CEB8-8B4A-11D0-8D11-00A0C91BC942}") = "ELSE IF STATEMENT", "ELSE IF STATEMENT\ELSE IF STATEMENT.vcxproj", "{3C441441-2100-4651-8D8E-3CE5259F2136}"
EndProject
Global
	GlobalSection(SolutionConfigurationPlatforms) = preSolution
		Debug|x64 = Debug|x64
		Debug|x86 = Debug|x86
		Release|x64 = Release|x64
		Release|x86 = Release|x86
	EndGlobalSection
	GlobalSection(ProjectConfigurationPlatforms) = postSolution
		{3C441441-2100-4651-8D8E-3CE5259F2136}.Debug|x64.ActiveCfg = Debug|x64
		{3C441441-2100-4651-8D8E-3CE5259F2136}.Debug|x64.Build.0 = Debug|x64
		{3C441441-2100-4651-8D8E-3CE5259F2136}.Debug|x86.ActiveCfg = Debug|Win32
		{3C441441-2100-4651-8D8E-3CE5259F2136}.Debug|x86.Build.0 = Debug|Win32
		{3C441441-2100-4651-8D8E-3CE5259F2136}.Release|x64.ActiveCfg = Release|x64
		{3C441441-2100-4651-8D8E-3CE5259F2136}.Release|x64.Build.0 = Release|x64
		{3C441441-2100-4651-8D8E-3CE5259F2136}.Release|x86.ActiveCfg = Release|Win32
		{3C441441-2100-4651-8D8E-3CE5259F2136}.Release|x86.Build.0 = Release|Win32
	EndGlobalSection
	GlobalSection(SolutionProperties) = preSolution
		HideSolutionNode = FALSE
	EndGlobalSection
	GlobalSection(ExtensibilityGlobals) = postSolution
		SolutionGuid = {A99427BF-7199-4FCB-9567-8419055670DA}
	EndGlobalSection
EndGlobal
